// !$*UTF8*$!
{
	archiveVersion = 1;
	classes = {
	};
	objectVersion = 46;
	objects = {

/* Begin PBXBuildFile section */
		DE2906FE1DB4C30F00F58FD6 /* VeFileManagerVC.m in Sources */ = {isa = PBXBuildFile; fileRef = DE2906CD1DB4C30F00F58FD6 /* VeFileManagerVC.m */; };
		DE2906FF1DB4C30F00F58FD6 /* VeFlieLookUpVC.m in Sources */ = {isa = PBXBuildFile; fileRef = DE2906CF1DB4C30F00F58FD6 /* VeFlieLookUpVC.m */; };
		DE2907001DB4C30F00F58FD6 /* MASCompositeConstraint.m in Sources */ = {isa = PBXBuildFile; fileRef = DE2906D21DB4C30F00F58FD6 /* MASCompositeConstraint.m */; };
		DE2907011DB4C30F00F58FD6 /* MASConstraint.m in Sources */ = {isa = PBXBuildFile; fileRef = DE2906D51DB4C30F00F58FD6 /* MASConstraint.m */; };
		DE2907021DB4C30F00F58FD6 /* MASConstraintMaker.m in Sources */ = {isa = PBXBuildFile; fileRef = DE2906D71DB4C30F00F58FD6 /* MASConstraintMaker.m */; };
		DE2907031DB4C30F00F58FD6 /* MASLayoutConstraint.m in Sources */ = {isa = PBXBuildFile; fileRef = DE2906D91DB4C30F00F58FD6 /* MASLayoutConstraint.m */; };
		DE2907041DB4C30F00F58FD6 /* MASViewAttribute.m in Sources */ = {isa = PBXBuildFile; fileRef = DE2906DD1DB4C30F00F58FD6 /* MASViewAttribute.m */; };
		DE2907051DB4C30F00F58FD6 /* MASViewConstraint.m in Sources */ = {isa = PBXBuildFile; fileRef = DE2906DF1DB4C30F00F58FD6 /* MASViewConstraint.m */; };
		DE2907061DB4C30F00F58FD6 /* NSArray+MASAdditions.m in Sources */ = {isa = PBXBuildFile; fileRef = DE2906E11DB4C30F00F58FD6 /* NSArray+MASAdditions.m */; };
		DE2907071DB4C30F00F58FD6 /* NSLayoutConstraint+MASDebugAdditions.m in Sources */ = {isa = PBXBuildFile; fileRef = DE2906E41DB4C30F00F58FD6 /* NSLayoutConstraint+MASDebugAdditions.m */; };
		DE2907081DB4C30F00F58FD6 /* View+MASAdditions.m in Sources */ = {isa = PBXBuildFile; fileRef = DE2906E61DB4C30F00F58FD6 /* View+MASAdditions.m */; };
		DE2907091DB4C30F00F58FD6 /* ViewController+MASAdditions.m in Sources */ = {isa = PBXBuildFile; fileRef = DE2906E91DB4C30F00F58FD6 /* ViewController+MASAdditions.m */; };
		DE29070A1DB4C30F00F58FD6 /* VeFileObjModel.m in Sources */ = {isa = PBXBuildFile; fileRef = DE2906EC1DB4C30F00F58FD6 /* VeFileObjModel.m */; };
		DE29070B1DB4C30F00F58FD6 /* 11.docx in Resources */ = {isa = PBXBuildFile; fileRef = DE2906EE1DB4C30F00F58FD6 /* 11.docx */; };
		DE29070C1DB4C30F00F58FD6 /* 22.xlsx in Resources */ = {isa = PBXBuildFile; fileRef = DE2906EF1DB4C30F00F58FD6 /* 22.xlsx */; };
		DE29070D1DB4C30F00F58FD6 /* 555.xxx in Resources */ = {isa = PBXBuildFile; fileRef = DE2906F01DB4C30F00F58FD6 /* 555.xxx */; };
		DE29070F1DB4C30F00F58FD6 /* UIImage+TYHSetting.m in Sources */ = {isa = PBXBuildFile; fileRef = DE2906F41DB4C30F00F58FD6 /* UIImage+TYHSetting.m */; };
		DE2907101DB4C30F00F58FD6 /* VeFileDepartmentView.m in Sources */ = {isa = PBXBuildFile; fileRef = DE2906F71DB4C30F00F58FD6 /* VeFileDepartmentView.m */; };
		DE2907111DB4C30F00F58FD6 /* VeFileViewCell.m in Sources */ = {isa = PBXBuildFile; fileRef = DE2906F91DB4C30F00F58FD6 /* VeFileViewCell.m */; };
		DE2907121DB4C30F00F58FD6 /* VeFileManagerToolBar.m in Sources */ = {isa = PBXBuildFile; fileRef = DE2906FB1DB4C30F00F58FD6 /* VeFileManagerToolBar.m */; };
		DE2907131DB4C30F00F58FD6 /* VeUnOpenFileView.m in Sources */ = {isa = PBXBuildFile; fileRef = DE2906FD1DB4C30F00F58FD6 /* VeUnOpenFileView.m */; };
		DE5F25CA1DAF3FC100F5B65D /* main.m in Sources */ = {isa = PBXBuildFile; fileRef = DE5F25C91DAF3FC100F5B65D /* main.m */; };
		DE5F25CD1DAF3FC100F5B65D /* AppDelegate.m in Sources */ = {isa = PBXBuildFile; fileRef = DE5F25CC1DAF3FC100F5B65D /* AppDelegate.m */; };
		DE5F25D31DAF3FC100F5B65D /* Main.storyboard in Resources */ = {isa = PBXBuildFile; fileRef = DE5F25D11DAF3FC100F5B65D /* Main.storyboard */; };
		DE5F25D51DAF3FC100F5B65D /* Assets.xcassets in Resources */ = {isa = PBXBuildFile; fileRef = DE5F25D41DAF3FC100F5B65D /* Assets.xcassets */; };
		DE5F25D81DAF3FC100F5B65D /* LaunchScreen.storyboard in Resources */ = {isa = PBXBuildFile; fileRef = DE5F25D61DAF3FC100F5B65D /* LaunchScreen.storyboard */; };
		DE5F25E31DAF3FC100F5B65D /* fileManageTests.m in Sources */ = {isa = PBXBuildFile; fileRef = DE5F25E21DAF3FC100F5B65D /* fileManageTests.m */; };
		DE5F25EE1DAF3FC100F5B65D /* fileManageUITests.m in Sources */ = {isa = PBXBuildFile; fileRef = DE5F25ED1DAF3FC100F5B65D /* fileManageUITests.m */; };
/* End PBXBuildFile section */

/* Begin PBXContainerItemProxy section */
		DE5F25DF1DAF3FC100F5B65D /* PBXContainerItemProxy */ = {
			isa = PBXContainerItemProxy;
			containerPortal = DE5F25BD1DAF3FC100F5B65D /* Project object */;
			proxyType = 1;
			remoteGlobalIDString = DE5F25C41DAF3FC100F5B65D;
			remoteInfo = fileManage;
		};
		DE5F25EA1DAF3FC100F5B65D /* PBXContainerItemProxy */ = {
			isa = PBXContainerItemProxy;
			containerPortal = DE5F25BD1DAF3FC100F5B65D /* Project object */;
			proxyType = 1;
			remoteGlobalIDString = DE5F25C41DAF3FC100F5B65D;
			remoteInfo = fileManage;
		};
/* End PBXContainerItemProxy section */

/* Begin PBXFileReference section */
		DE2906CC1DB4C30F00F58FD6 /* VeFileManagerVC.h */ = {isa = PBXFileReference; fileEncoding = 4; lastKnownFileType = sourcecode.c.h; path = VeFileManagerVC.h; sourceTree = "<group>"; };
		DE2906CD1DB4C30F00F58FD6 /* VeFileManagerVC.m */ = {isa = PBXFileReference; fileEncoding = 4; lastKnownFileType = sourcecode.c.objc; path = VeFileManagerVC.m; sourceTree = "<group>"; };
		DE2906CE1DB4C30F00F58FD6 /* VeFlieLookUpVC.h */ = {isa = PBXFileReference; fileEncoding = 4; lastKnownFileType = sourcecode.c.h; path = VeFlieLookUpVC.h; sourceTree = "<group>"; };
		DE2906CF1DB4C30F00F58FD6 /* VeFlieLookUpVC.m */ = {isa = PBXFileReference; fileEncoding = 4; lastKnownFileType = sourcecode.c.objc; path = VeFlieLookUpVC.m; sourceTree = "<group>"; };
		DE2906D11DB4C30F00F58FD6 /* MASCompositeConstraint.h */ = {isa = PBXFileReference; fileEncoding = 4; lastKnownFileType = sourcecode.c.h; path = MASCompositeConstraint.h; sourceTree = "<group>"; };
		DE2906D21DB4C30F00F58FD6 /* MASCompositeConstraint.m */ = {isa = PBXFileReference; fileEncoding = 4; lastKnownFileType = sourcecode.c.objc; path = MASCompositeConstraint.m; sourceTree = "<group>"; };
		DE2906D31DB4C30F00F58FD6 /* MASConstraint+Private.h */ = {isa = PBXFileReference; fileEncoding = 4; lastKnownFileType = sourcecode.c.h; path = "MASConstraint+Private.h"; sourceTree = "<group>"; };
		DE2906D41DB4C30F00F58FD6 /* MASConstraint.h */ = {isa = PBXFileReference; fileEncoding = 4; lastKnownFileType = sourcecode.c.h; path = MASConstraint.h; sourceTree = "<group>"; };
		DE2906D51DB4C30F00F58FD6 /* MASConstraint.m */ = {isa = PBXFileReference; fileEncoding = 4; lastKnownFileType = sourcecode.c.objc; path = MASConstraint.m; sourceTree = "<group>"; };
		DE2906D61DB4C30F00F58FD6 /* MASConstraintMaker.h */ = {isa = PBXFileReference; fileEncoding = 4; lastKnownFileType = sourcecode.c.h; path = MASConstraintMaker.h; sourceTree = "<group>"; };
		DE2906D71DB4C30F00F58FD6 /* MASConstraintMaker.m */ = {isa = PBXFileReference; fileEncoding = 4; lastKnownFileType = sourcecode.c.objc; path = MASConstraintMaker.m; sourceTree = "<group>"; };
		DE2906D81DB4C30F00F58FD6 /* MASLayoutConstraint.h */ = {isa = PBXFileReference; fileEncoding = 4; lastKnownFileType = sourcecode.c.h; path = MASLayoutConstraint.h; sourceTree = "<group>"; };
		DE2906D91DB4C30F00F58FD6 /* MASLayoutConstraint.m */ = {isa = PBXFileReference; fileEncoding = 4; lastKnownFileType = sourcecode.c.objc; path = MASLayoutConstraint.m; sourceTree = "<group>"; };
		DE2906DA1DB4C30F00F58FD6 /* Masonry.h */ = {isa = PBXFileReference; fileEncoding = 4; lastKnownFileType = sourcecode.c.h; path = Masonry.h; sourceTree = "<group>"; };
		DE2906DB1DB4C30F00F58FD6 /* MASUtilities.h */ = {isa = PBXFileReference; fileEncoding = 4; lastKnownFileType = sourcecode.c.h; path = MASUtilities.h; sourceTree = "<group>"; };
		DE2906DC1DB4C30F00F58FD6 /* MASViewAttribute.h */ = {isa = PBXFileReference; fileEncoding = 4; lastKnownFileType = sourcecode.c.h; path = MASViewAttribute.h; sourceTree = "<group>"; };
		DE2906DD1DB4C30F00F58FD6 /* MASViewAttribute.m */ = {isa = PBXFileReference; fileEncoding = 4; lastKnownFileType = sourcecode.c.objc; path = MASViewAttribute.m; sourceTree = "<group>"; };
		DE2906DE1DB4C30F00F58FD6 /* MASViewConstraint.h */ = {isa = PBXFileReference; fileEncoding = 4; lastKnownFileType = sourcecode.c.h; path = MASViewConstraint.h; sourceTree = "<group>"; };
		DE2906DF1DB4C30F00F58FD6 /* MASViewConstraint.m */ = {isa = PBXFileReference; fileEncoding = 4; lastKnownFileType = sourcecode.c.objc; path = MASViewConstraint.m; sourceTree = "<group>"; };
		DE2906E01DB4C30F00F58FD6 /* NSArray+MASAdditions.h */ = {isa = PBXFileReference; fileEncoding = 4; lastKnownFileType = sourcecode.c.h; path = "NSArray+MASAdditions.h"; sourceTree = "<group>"; };
		DE2906E11DB4C30F00F58FD6 /* NSArray+MASAdditions.m */ = {isa = PBXFileReference; fileEncoding = 4; lastKnownFileType = sourcecode.c.objc; path = "NSArray+MASAdditions.m"; sourceTree = "<group>"; };
		DE2906E21DB4C30F00F58FD6 /* NSArray+MASShorthandAdditions.h */ = {isa = PBXFileReference; fileEncoding = 4; lastKnownFileType = sourcecode.c.h; path = "NSArray+MASShorthandAdditions.h"; sourceTree = "<group>"; };
		DE2906E31DB4C30F00F58FD6 /* NSLayoutConstraint+MASDebugAdditions.h */ = {isa = PBXFileReference; fileEncoding = 4; lastKnownFileType = sourcecode.c.h; path = "NSLayoutConstraint+MASDebugAdditions.h"; sourceTree = "<group>"; };
		DE2906E41DB4C30F00F58FD6 /* NSLayoutConstraint+MASDebugAdditions.m */ = {isa = PBXFileReference; fileEncoding = 4; lastKnownFileType = sourcecode.c.objc; path = "NSLayoutConstraint+MASDebugAdditions.m"; sourceTree = "<group>"; };
		DE2906E51DB4C30F00F58FD6 /* View+MASAdditions.h */ = {isa = PBXFileReference; fileEncoding = 4; lastKnownFileType = sourcecode.c.h; path = "View+MASAdditions.h"; sourceTree = "<group>"; };
		DE2906E61DB4C30F00F58FD6 /* View+MASAdditions.m */ = {isa = PBXFileReference; fileEncoding = 4; lastKnownFileType = sourcecode.c.objc; path = "View+MASAdditions.m"; sourceTree = "<group>"; };
		DE2906E71DB4C30F00F58FD6 /* View+MASShorthandAdditions.h */ = {isa = PBXFileReference; fileEncoding = 4; lastKnownFileType = sourcecode.c.h; path = "View+MASShorthandAdditions.h"; sourceTree = "<group>"; };
		DE2906E81DB4C30F00F58FD6 /* ViewController+MASAdditions.h */ = {isa = PBXFileReference; fileEncoding = 4; lastKnownFileType = sourcecode.c.h; path = "ViewController+MASAdditions.h"; sourceTree = "<group>"; };
		DE2906E91DB4C30F00F58FD6 /* ViewController+MASAdditions.m */ = {isa = PBXFileReference; fileEncoding = 4; lastKnownFileType = sourcecode.c.objc; path = "ViewController+MASAdditions.m"; sourceTree = "<group>"; };
		DE2906EB1DB4C30F00F58FD6 /* VeFileObjModel.h */ = {isa = PBXFileReference; fileEncoding = 4; lastKnownFileType = sourcecode.c.h; path = VeFileObjModel.h; sourceTree = "<group>"; };
		DE2906EC1DB4C30F00F58FD6 /* VeFileObjModel.m */ = {isa = PBXFileReference; fileEncoding = 4; lastKnownFileType = sourcecode.c.objc; path = VeFileObjModel.m; sourceTree = "<group>"; };
		DE2906EE1DB4C30F00F58FD6 /* 11.docx */ = {isa = PBXFileReference; lastKnownFileType = file; path = 11.docx; sourceTree = "<group>"; };
		DE2906EF1DB4C30F00F58FD6 /* 22.xlsx */ = {isa = PBXFileReference; lastKnownFileType = file; path = 22.xlsx; sourceTree = "<group>"; };
		DE2906F01DB4C30F00F58FD6 /* 555.xxx */ = {isa = PBXFileReference; fileEncoding = 4; lastKnownFileType = text; path = 555.xxx; sourceTree = "<group>"; };
		DE2906F31DB4C30F00F58FD6 /* UIImage+TYHSetting.h */ = {isa = PBXFileReference; fileEncoding = 4; lastKnownFileType = sourcecode.c.h; path = "UIImage+TYHSetting.h"; sourceTree = "<group>"; };
		DE2906F41DB4C30F00F58FD6 /* UIImage+TYHSetting.m */ = {isa = PBXFileReference; fileEncoding = 4; lastKnownFileType = sourcecode.c.objc; path = "UIImage+TYHSetting.m"; sourceTree = "<group>"; };
		DE2906F61DB4C30F00F58FD6 /* VeFileDepartmentView.h */ = {isa = PBXFileReference; fileEncoding = 4; lastKnownFileType = sourcecode.c.h; path = VeFileDepartmentView.h; sourceTree = "<group>"; };
		DE2906F71DB4C30F00F58FD6 /* VeFileDepartmentView.m */ = {isa = PBXFileReference; fileEncoding = 4; lastKnownFileType = sourcecode.c.objc; path = VeFileDepartmentView.m; sourceTree = "<group>"; };
		DE2906F81DB4C30F00F58FD6 /* VeFileViewCell.h */ = {isa = PBXFileReference; fileEncoding = 4; lastKnownFileType = sourcecode.c.h; path = VeFileViewCell.h; sourceTree = "<group>"; };
		DE2906F91DB4C30F00F58FD6 /* VeFileViewCell.m */ = {isa = PBXFileReference; fileEncoding = 4; lastKnownFileType = sourcecode.c.objc; path = VeFileViewCell.m; sourceTree = "<group>"; };
		DE2906FA1DB4C30F00F58FD6 /* VeFileManagerToolBar.h */ = {isa = PBXFileReference; fileEncoding = 4; lastKnownFileType = sourcecode.c.h; path = VeFileManagerToolBar.h; sourceTree = "<group>"; };
		DE2906FB1DB4C30F00F58FD6 /* VeFileManagerToolBar.m */ = {isa = PBXFileReference; fileEncoding = 4; lastKnownFileType = sourcecode.c.objc; path = VeFileManagerToolBar.m; sourceTree = "<group>"; };
		DE2906FC1DB4C30F00F58FD6 /* VeUnOpenFileView.h */ = {isa = PBXFileReference; fileEncoding = 4; lastKnownFileType = sourcecode.c.h; path = VeUnOpenFileView.h; sourceTree = "<group>"; };
		DE2906FD1DB4C30F00F58FD6 /* VeUnOpenFileView.m */ = {isa = PBXFileReference; fileEncoding = 4; lastKnownFileType = sourcecode.c.objc; path = VeUnOpenFileView.m; sourceTree = "<group>"; };
		DE5F25C51DAF3FC100F5B65D /* fileManage.app */ = {isa = PBXFileReference; explicitFileType = wrapper.application; includeInIndex = 0; path = fileManage.app; sourceTree = BUILT_PRODUCTS_DIR; };
		DE5F25C91DAF3FC100F5B65D /* main.m */ = {isa = PBXFileReference; lastKnownFileType = sourcecode.c.objc; path = main.m; sourceTree = "<group>"; };
		DE5F25CB1DAF3FC100F5B65D /* AppDelegate.h */ = {isa = PBXFileReference; lastKnownFileType = sourcecode.c.h; path = AppDelegate.h; sourceTree = "<group>"; };
		DE5F25CC1DAF3FC100F5B65D /* AppDelegate.m */ = {isa = PBXFileReference; lastKnownFileType = sourcecode.c.objc; path = AppDelegate.m; sourceTree = "<group>"; };
		DE5F25D21DAF3FC100F5B65D /* Base */ = {isa = PBXFileReference; lastKnownFileType = file.storyboard; name = Base; path = Base.lproj/Main.storyboard; sourceTree = "<group>"; };
		DE5F25D41DAF3FC100F5B65D /* Assets.xcassets */ = {isa = PBXFileReference; lastKnownFileType = folder.assetcatalog; path = Assets.xcassets; sourceTree = "<group>"; };
		DE5F25D71DAF3FC100F5B65D /* Base */ = {isa = PBXFileReference; lastKnownFileType = file.storyboard; name = Base; path = Base.lproj/LaunchScreen.storyboard; sourceTree = "<group>"; };
		DE5F25D91DAF3FC100F5B65D /* Info.plist */ = {isa = PBXFileReference; lastKnownFileType = text.plist.xml; path = Info.plist; sourceTree = "<group>"; };
		DE5F25DE1DAF3FC100F5B65D /* fileManageTests.xctest */ = {isa = PBXFileReference; explicitFileType = wrapper.cfbundle; includeInIndex = 0; path = fileManageTests.xctest; sourceTree = BUILT_PRODUCTS_DIR; };
		DE5F25E21DAF3FC100F5B65D /* fileManageTests.m */ = {isa = PBXFileReference; lastKnownFileType = sourcecode.c.objc; path = fileManageTests.m; sourceTree = "<group>"; };
		DE5F25E41DAF3FC100F5B65D /* Info.plist */ = {isa = PBXFileReference; lastKnownFileType = text.plist.xml; path = Info.plist; sourceTree = "<group>"; };
		DE5F25E91DAF3FC100F5B65D /* fileManageUITests.xctest */ = {isa = PBXFileReference; explicitFileType = wrapper.cfbundle; includeInIndex = 0; path = fileManageUITests.xctest; sourceTree = BUILT_PRODUCTS_DIR; };
		DE5F25ED1DAF3FC100F5B65D /* fileManageUITests.m */ = {isa = PBXFileReference; lastKnownFileType = sourcecode.c.objc; path = fileManageUITests.m; sourceTree = "<group>"; };
		DE5F25EF1DAF3FC100F5B65D /* Info.plist */ = {isa = PBXFileReference; lastKnownFileType = text.plist.xml; path = Info.plist; sourceTree = "<group>"; };
/* End PBXFileReference section */

/* Begin PBXFrameworksBuildPhase section */
		DE5F25C21DAF3FC100F5B65D /* Frameworks */ = {
			isa = PBXFrameworksBuildPhase;
			buildActionMask = 2147483647;
			files = (
			);
			runOnlyForDeploymentPostprocessing = 0;
		};
		DE5F25DB1DAF3FC100F5B65D /* Frameworks */ = {
			isa = PBXFrameworksBuildPhase;
			buildActionMask = 2147483647;
			files = (
			);
			runOnlyForDeploymentPostprocessing = 0;
		};
		DE5F25E61DAF3FC100F5B65D /* Frameworks */ = {
			isa = PBXFrameworksBuildPhase;
			buildActionMask = 2147483647;
			files = (
			);
			runOnlyForDeploymentPostprocessing = 0;
		};
/* End PBXFrameworksBuildPhase section */

/* Begin PBXGroup section */
		DE2906CB1DB4C30F00F58FD6 /* Controler */ = {
			isa = PBXGroup;
			children = (
				DE2906CC1DB4C30F00F58FD6 /* VeFileManagerVC.h */,
				DE2906CD1DB4C30F00F58FD6 /* VeFileManagerVC.m */,
				DE2906CE1DB4C30F00F58FD6 /* VeFlieLookUpVC.h */,
				DE2906CF1DB4C30F00F58FD6 /* VeFlieLookUpVC.m */,
			);
			path = Controler;
			sourceTree = "<group>";
		};
		DE2906D01DB4C30F00F58FD6 /* Masonry */ = {
			isa = PBXGroup;
			children = (
				DE2906D11DB4C30F00F58FD6 /* MASCompositeConstraint.h */,
				DE2906D21DB4C30F00F58FD6 /* MASCompositeConstraint.m */,
				DE2906D31DB4C30F00F58FD6 /* MASConstraint+Private.h */,
				DE2906D41DB4C30F00F58FD6 /* MASConstraint.h */,
				DE2906D51DB4C30F00F58FD6 /* MASConstraint.m */,
				DE2906D61DB4C30F00F58FD6 /* MASConstraintMaker.h */,
				DE2906D71DB4C30F00F58FD6 /* MASConstraintMaker.m */,
				DE2906D81DB4C30F00F58FD6 /* MASLayoutConstraint.h */,
				DE2906D91DB4C30F00F58FD6 /* MASLayoutConstraint.m */,
				DE2906DA1DB4C30F00F58FD6 /* Masonry.h */,
				DE2906DB1DB4C30F00F58FD6 /* MASUtilities.h */,
				DE2906DC1DB4C30F00F58FD6 /* MASViewAttribute.h */,
				DE2906DD1DB4C30F00F58FD6 /* MASViewAttribute.m */,
				DE2906DE1DB4C30F00F58FD6 /* MASViewConstraint.h */,
				DE2906DF1DB4C30F00F58FD6 /* MASViewConstraint.m */,
				DE2906E01DB4C30F00F58FD6 /* NSArray+MASAdditions.h */,
				DE2906E11DB4C30F00F58FD6 /* NSArray+MASAdditions.m */,
				DE2906E21DB4C30F00F58FD6 /* NSArray+MASShorthandAdditions.h */,
				DE2906E31DB4C30F00F58FD6 /* NSLayoutConstraint+MASDebugAdditions.h */,
				DE2906E41DB4C30F00F58FD6 /* NSLayoutConstraint+MASDebugAdditions.m */,
				DE2906E51DB4C30F00F58FD6 /* View+MASAdditions.h */,
				DE2906E61DB4C30F00F58FD6 /* View+MASAdditions.m */,
				DE2906E71DB4C30F00F58FD6 /* View+MASShorthandAdditions.h */,
				DE2906E81DB4C30F00F58FD6 /* ViewController+MASAdditions.h */,
				DE2906E91DB4C30F00F58FD6 /* ViewController+MASAdditions.m */,
			);
			path = Masonry;
			sourceTree = "<group>";
		};
		DE2906EA1DB4C30F00F58FD6 /* Model */ = {
			isa = PBXGroup;
			children = (
				DE2906EB1DB4C30F00F58FD6 /* VeFileObjModel.h */,
				DE2906EC1DB4C30F00F58FD6 /* VeFileObjModel.m */,
			);
			path = Model;
			sourceTree = "<group>";
		};
		DE2906ED1DB4C30F00F58FD6 /* TestFile */ = {
			isa = PBXGroup;
			children = (
				DE2906EE1DB4C30F00F58FD6 /* 11.docx */,
				DE2906EF1DB4C30F00F58FD6 /* 22.xlsx */,
				DE2906F01DB4C30F00F58FD6 /* 555.xxx */,
			);
			path = TestFile;
			sourceTree = "<group>";
		};
		DE2906F21DB4C30F00F58FD6 /* Tools */ = {
			isa = PBXGroup;
			children = (
				DE2906F31DB4C30F00F58FD6 /* UIImage+TYHSetting.h */,
				DE2906F41DB4C30F00F58FD6 /* UIImage+TYHSetting.m */,
			);
			path = Tools;
			sourceTree = "<group>";
		};
		DE2906F51DB4C30F00F58FD6 /* View */ = {
			isa = PBXGroup;
			children = (
				DE2906F61DB4C30F00F58FD6 /* VeFileDepartmentView.h */,
				DE2906F71DB4C30F00F58FD6 /* VeFileDepartmentView.m */,
				DE2906F81DB4C30F00F58FD6 /* VeFileViewCell.h */,
				DE2906F91DB4C30F00F58FD6 /* VeFileViewCell.m */,
				DE2906FA1DB4C30F00F58FD6 /* VeFileManagerToolBar.h */,
				DE2906FB1DB4C30F00F58FD6 /* VeFileManagerToolBar.m */,
				DE2906FC1DB4C30F00F58FD6 /* VeUnOpenFileView.h */,
				DE2906FD1DB4C30F00F58FD6 /* VeUnOpenFileView.m */,
			);
			path = View;
			sourceTree = "<group>";
		};
		DE5F25BC1DAF3FC100F5B65D = {
			isa = PBXGroup;
			children = (
				DE5F25C71DAF3FC100F5B65D /* fileManage */,
				DE5F25E11DAF3FC100F5B65D /* fileManageTests */,
				DE5F25EC1DAF3FC100F5B65D /* fileManageUITests */,
				DE5F25C61DAF3FC100F5B65D /* Products */,
			);
			sourceTree = "<group>";
		};
		DE5F25C61DAF3FC100F5B65D /* Products */ = {
			isa = PBXGroup;
			children = (
				DE5F25C51DAF3FC100F5B65D /* fileManage.app */,
				DE5F25DE1DAF3FC100F5B65D /* fileManageTests.xctest */,
				DE5F25E91DAF3FC100F5B65D /* fileManageUITests.xctest */,
			);
			name = Products;
			sourceTree = "<group>";
		};
		DE5F25C71DAF3FC100F5B65D /* fileManage */ = {
			isa = PBXGroup;
			children = (
				DE2906CB1DB4C30F00F58FD6 /* Controler */,
				DE2906D01DB4C30F00F58FD6 /* Masonry */,
				DE2906EA1DB4C30F00F58FD6 /* Model */,
				DE2906ED1DB4C30F00F58FD6 /* TestFile */,
				DE2906F21DB4C30F00F58FD6 /* Tools */,
				DE2906F51DB4C30F00F58FD6 /* View */,
				DE5F25D11DAF3FC100F5B65D /* Main.storyboard */,
				DE5F25D41DAF3FC100F5B65D /* Assets.xcassets */,
				DE5F25D61DAF3FC100F5B65D /* LaunchScreen.storyboard */,
				DE5F25D91DAF3FC100F5B65D /* Info.plist */,
				DE5F25C81DAF3FC100F5B65D /* Supporting Files */,
			);
			path = fileManage;
			sourceTree = "<group>";
		};
		DE5F25C81DAF3FC100F5B65D /* Supporting Files */ = {
			isa = PBXGroup;
			children = (
				DE5F25CB1DAF3FC100F5B65D /* AppDelegate.h */,
				DE5F25CC1DAF3FC100F5B65D /* AppDelegate.m */,
				DE5F25C91DAF3FC100F5B65D /* main.m */,
			);
			name = "Supporting Files";
			sourceTree = "<group>";
		};
		DE5F25E11DAF3FC100F5B65D /* fileManageTests */ = {
			isa = PBXGroup;
			children = (
				DE5F25E21DAF3FC100F5B65D /* fileManageTests.m */,
				DE5F25E41DAF3FC100F5B65D /* Info.plist */,
			);
			path = fileManageTests;
			sourceTree = "<group>";
		};
		DE5F25EC1DAF3FC100F5B65D /* fileManageUITests */ = {
			isa = PBXGroup;
			children = (
				DE5F25ED1DAF3FC100F5B65D /* fileManageUITests.m */,
				DE5F25EF1DAF3FC100F5B65D /* Info.plist */,
			);
			path = fileManageUITests;
			sourceTree = "<group>";
		};
/* End PBXGroup section */

/* Begin PBXNativeTarget section */
		DE5F25C41DAF3FC100F5B65D /* fileManage */ = {
			isa = PBXNativeTarget;
			buildConfigurationList = DE5F25F21DAF3FC100F5B65D /* Build configuration list for PBXNativeTarget "fileManage" */;
			buildPhases = (
				DE5F25C11DAF3FC100F5B65D /* Sources */,
				DE5F25C21DAF3FC100F5B65D /* Frameworks */,
				DE5F25C31DAF3FC100F5B65D /* Resources */,
			);
			buildRules = (
			);
			dependencies = (
			);
			name = fileManage;
			productName = fileManage;
			productReference = DE5F25C51DAF3FC100F5B65D /* fileManage.app */;
			productType = "com.apple.product-type.application";
		};
		DE5F25DD1DAF3FC100F5B65D /* fileManageTests */ = {
			isa = PBXNativeTarget;
			buildConfigurationList = DE5F25F51DAF3FC100F5B65D /* Build configuration list for PBXNativeTarget "fileManageTests" */;
			buildPhases = (
				DE5F25DA1DAF3FC100F5B65D /* Sources */,
				DE5F25DB1DAF3FC100F5B65D /* Frameworks */,
				DE5F25DC1DAF3FC100F5B65D /* Resources */,
			);
			buildRules = (
			);
			dependencies = (
				DE5F25E01DAF3FC100F5B65D /* PBXTargetDependency */,
			);
			name = fileManageTests;
			productName = fileManageTests;
			productReference = DE5F25DE1DAF3FC100F5B65D /* fileManageTests.xctest */;
			productType = "com.apple.product-type.bundle.unit-test";
		};
		DE5F25E81DAF3FC100F5B65D /* fileManageUITests */ = {
			isa = PBXNativeTarget;
			buildConfigurationList = DE5F25F81DAF3FC100F5B65D /* Build configuration list for PBXNativeTarget "fileManageUITests" */;
			buildPhases = (
				DE5F25E51DAF3FC100F5B65D /* Sources */,
				DE5F25E61DAF3FC100F5B65D /* Frameworks */,
				DE5F25E71DAF3FC100F5B65D /* Resources */,
			);
			buildRules = (
			);
			dependencies = (
				DE5F25EB1DAF3FC100F5B65D /* PBXTargetDependency */,
			);
			name = fileManageUITests;
			productName = fileManageUITests;
			productReference = DE5F25E91DAF3FC100F5B65D /* fileManageUITests.xctest */;
			productType = "com.apple.product-type.bundle.ui-testing";
		};
/* End PBXNativeTarget section */

/* Begin PBXProject section */
		DE5F25BD1DAF3FC100F5B65D /* Project object */ = {
			isa = PBXProject;
			attributes = {
				LastUpgradeCheck = 0800;
				ORGANIZATIONNAME = Vieene;
				TargetAttributes = {
					DE5F25C41DAF3FC100F5B65D = {
						CreatedOnToolsVersion = 8.0;
						DevelopmentTeam = QDH66RGJXX;
						ProvisioningStyle = Manual;
					};
					DE5F25DD1DAF3FC100F5B65D = {
						CreatedOnToolsVersion = 8.0;
						DevelopmentTeam = QDH66RGJXX;
						ProvisioningStyle = Automatic;
						TestTargetID = DE5F25C41DAF3FC100F5B65D;
					};
					DE5F25E81DAF3FC100F5B65D = {
						CreatedOnToolsVersion = 8.0;
						DevelopmentTeam = QDH66RGJXX;
						ProvisioningStyle = Automatic;
						TestTargetID = DE5F25C41DAF3FC100F5B65D;
					};
				};
			};
			buildConfigurationList = DE5F25C01DAF3FC100F5B65D /* Build configuration list for PBXProject "fileManage" */;
			compatibilityVersion = "Xcode 3.2";
			developmentRegion = English;
			hasScannedForEncodings = 0;
			knownRegions = (
				en,
				Base,
			);
			mainGroup = DE5F25BC1DAF3FC100F5B65D;
			productRefGroup = DE5F25C61DAF3FC100F5B65D /* Products */;
			projectDirPath = "";
			projectRoot = "";
			targets = (
				DE5F25C41DAF3FC100F5B65D /* fileManage */,
				DE5F25DD1DAF3FC100F5B65D /* fileManageTests */,
				DE5F25E81DAF3FC100F5B65D /* fileManageUITests */,
			);
		};
/* End PBXProject section */

/* Begin PBXResourcesBuildPhase section */
		DE5F25C31DAF3FC100F5B65D /* Resources */ = {
			isa = PBXResourcesBuildPhase;
			buildActionMask = 2147483647;
			files = (
				DE29070D1DB4C30F00F58FD6 /* 555.xxx in Resources */,
				DE5F25D81DAF3FC100F5B65D /* LaunchScreen.storyboard in Resources */,
				DE29070B1DB4C30F00F58FD6 /* 11.docx in Resources */,
				DE29070C1DB4C30F00F58FD6 /* 22.xlsx in Resources */,
				DE5F25D51DAF3FC100F5B65D /* Assets.xcassets in Resources */,
				DE5F25D31DAF3FC100F5B65D /* Main.storyboard in Resources */,
			);
			runOnlyForDeploymentPostprocessing = 0;
		};
		DE5F25DC1DAF3FC100F5B65D /* Resources */ = {
			isa = PBXResourcesBuildPhase;
			buildActionMask = 2147483647;
			files = (
			);
			runOnlyForDeploymentPostprocessing = 0;
		};
		DE5F25E71DAF3FC100F5B65D /* Resources */ = {
			isa = PBXResourcesBuildPhase;
			buildActionMask = 2147483647;
			files = (
			);
			runOnlyForDeploymentPostprocessing = 0;
		};
/* End PBXResourcesBuildPhase section */

/* Begin PBXSourcesBuildPhase section */
		DE5F25C11DAF3FC100F5B65D /* Sources */ = {
			isa = PBXSourcesBuildPhase;
			buildActionMask = 2147483647;
			files = (
				DE2907071DB4C30F00F58FD6 /* NSLayoutConstraint+MASDebugAdditions.m in Sources */,
				DE5F25CD1DAF3FC100F5B65D /* AppDelegate.m in Sources */,
				DE2907051DB4C30F00F58FD6 /* MASViewConstraint.m in Sources */,
				DE2907101DB4C30F00F58FD6 /* VeFileDepartmentView.m in Sources */,
				DE2906FE1DB4C30F00F58FD6 /* VeFileManagerVC.m in Sources */,
				DE29070A1DB4C30F00F58FD6 /* VeFileObjModel.m in Sources */,
				DE29070F1DB4C30F00F58FD6 /* UIImage+TYHSetting.m in Sources */,
				DE2906FF1DB4C30F00F58FD6 /* VeFlieLookUpVC.m in Sources */,
				DE2907081DB4C30F00F58FD6 /* View+MASAdditions.m in Sources */,
				DE2907131DB4C30F00F58FD6 /* VeUnOpenFileView.m in Sources */,
				DE2907001DB4C30F00F58FD6 /* MASCompositeConstraint.m in Sources */,
				DE2907111DB4C30F00F58FD6 /* VeFileViewCell.m in Sources */,
				DE2907041DB4C30F00F58FD6 /* MASViewAttribute.m in Sources */,
				DE2907021DB4C30F00F58FD6 /* MASConstraintMaker.m in Sources */,
				DE2907061DB4C30F00F58FD6 /* NSArray+MASAdditions.m in Sources */,
				DE2907121DB4C30F00F58FD6 /* VeFileManagerToolBar.m in Sources */,
				DE2907091DB4C30F00F58FD6 /* ViewController+MASAdditions.m in Sources */,
				DE2907011DB4C30F00F58FD6 /* MASConstraint.m in Sources */,
				DE2907031DB4C30F00F58FD6 /* MASLayoutConstraint.m in Sources */,
				DE5F25CA1DAF3FC100F5B65D /* main.m in Sources */,
			);
			runOnlyForDeploymentPostprocessing = 0;
		};
		DE5F25DA1DAF3FC100F5B65D /* Sources */ = {
			isa = PBXSourcesBuildPhase;
			buildActionMask = 2147483647;
			files = (
				DE5F25E31DAF3FC100F5B65D /* fileManageTests.m in Sources */,
			);
			runOnlyForDeploymentPostprocessing = 0;
		};
		DE5F25E51DAF3FC100F5B65D /* Sources */ = {
			isa = PBXSourcesBuildPhase;
			buildActionMask = 2147483647;
			files = (
				DE5F25EE1DAF3FC100F5B65D /* fileManageUITests.m in Sources */,
			);
			runOnlyForDeploymentPostprocessing = 0;
		};
/* End PBXSourcesBuildPhase section */

/* Begin PBXTargetDependency section */
		DE5F25E01DAF3FC100F5B65D /* PBXTargetDependency */ = {
			isa = PBXTargetDependency;
			target = DE5F25C41DAF3FC100F5B65D /* fileManage */;
			targetProxy = DE5F25DF1DAF3FC100F5B65D /* PBXContainerItemProxy */;
		};
		DE5F25EB1DAF3FC100F5B65D /* PBXTargetDependency */ = {
			isa = PBXTargetDependency;
			target = DE5F25C41DAF3FC100F5B65D /* fileManage */;
			targetProxy = DE5F25EA1DAF3FC100F5B65D /* PBXContainerItemProxy */;
		};
/* End PBXTargetDependency section */

/* Begin PBXVariantGroup section */
		DE5F25D11DAF3FC100F5B65D /* Main.storyboard */ = {
			isa = PBXVariantGroup;
			children = (
				DE5F25D21DAF3FC100F5B65D /* Base */,
			);
			name = Main.storyboard;
			sourceTree = "<group>";
		};
		DE5F25D61DAF3FC100F5B65D /* LaunchScreen.storyboard */ = {
			isa = PBXVariantGroup;
			children = (
				DE5F25D71DAF3FC100F5B65D /* Base */,
			);
			name = LaunchScreen.storyboard;
			sourceTree = "<group>";
		};
/* End PBXVariantGroup section */

/* Begin XCBuildConfiguration section */
		DE5F25F01DAF3FC100F5B65D /* Debug */ = {
			isa = XCBuildConfiguration;
			buildSettings = {
				ALWAYS_SEARCH_USER_PATHS = NO;
				CLANG_ANALYZER_NONNULL = YES;
				CLANG_CXX_LANGUAGE_STANDARD = "gnu++0x";
				CLANG_CXX_LIBRARY = "libc++";
				CLANG_ENABLE_MODULES = YES;
				CLANG_ENABLE_OBJC_ARC = YES;
				CLANG_WARN_BOOL_CONVERSION = YES;
				CLANG_WARN_CONSTANT_CONVERSION = YES;
				CLANG_WARN_DIRECT_OBJC_ISA_USAGE = YES_ERROR;
				CLANG_WARN_DOCUMENTATION_COMMENTS = YES;
				CLANG_WARN_EMPTY_BODY = YES;
				CLANG_WARN_ENUM_CONVERSION = YES;
				CLANG_WARN_INFINITE_RECURSION = YES;
				CLANG_WARN_INT_CONVERSION = YES;
				CLANG_WARN_OBJC_ROOT_CLASS = YES_ERROR;
				CLANG_WARN_SUSPICIOUS_MOVES = YES;
				CLANG_WARN_UNREACHABLE_CODE = YES;
				CLANG_WARN__DUPLICATE_METHOD_MATCH = YES;
				"CODE_SIGN_IDENTITY[sdk=iphoneos*]" = "iPhone Developer";
				COPY_PHASE_STRIP = NO;
				DEBUG_INFORMATION_FORMAT = dwarf;
				ENABLE_STRICT_OBJC_MSGSEND = YES;
				ENABLE_TESTABILITY = YES;
				GCC_C_LANGUAGE_STANDARD = gnu99;
				GCC_DYNAMIC_NO_PIC = NO;
				GCC_NO_COMMON_BLOCKS = YES;
				GCC_OPTIMIZATION_LEVEL = 0;
				GCC_PREPROCESSOR_DEFINITIONS = (
					"DEBUG=1",
					"$(inherited)",
				);
				GCC_WARN_64_TO_32_BIT_CONVERSION = YES;
				GCC_WARN_ABOUT_RETURN_TYPE = YES_ERROR;
				GCC_WARN_UNDECLARED_SELECTOR = YES;
				GCC_WARN_UNINITIALIZED_AUTOS = YES_AGGRESSIVE;
				GCC_WARN_UNUSED_FUNCTION = YES;
				GCC_WARN_UNUSED_VARIABLE = YES;
				IPHONEOS_DEPLOYMENT_TARGET = 10.0;
				MTL_ENABLE_DEBUG_INFO = YES;
				ONLY_ACTIVE_ARCH = YES;
				SDKROOT = iphoneos;
			};
			name = Debug;
		};
		DE5F25F11DAF3FC100F5B65D /* Release */ = {
			isa = XCBuildConfiguration;
			buildSettings = {
				ALWAYS_SEARCH_USER_PATHS = NO;
				CLANG_ANALYZER_NONNULL = YES;
				CLANG_CXX_LANGUAGE_STANDARD = "gnu++0x";
				CLANG_CXX_LIBRARY = "libc++";
				CLANG_ENABLE_MODULES = YES;
				CLANG_ENABLE_OBJC_ARC = YES;
				CLANG_WARN_BOOL_CONVERSION = YES;
				CLANG_WARN_CONSTANT_CONVERSION = YES;
				CLANG_WARN_DIRECT_OBJC_ISA_USAGE = YES_ERROR;
				CLANG_WARN_DOCUMENTATION_COMMENTS = YES;
				CLANG_WARN_EMPTY_BODY = YES;
				CLANG_WARN_ENUM_CONVERSION = YES;
				CLANG_WARN_INFINITE_RECURSION = YES;
				CLANG_WARN_INT_CONVERSION = YES;
				CLANG_WARN_OBJC_ROOT_CLASS = YES_ERROR;
				CLANG_WARN_SUSPICIOUS_MOVES = YES;
				CLANG_WARN_UNREACHABLE_CODE = YES;
				CLANG_WARN__DUPLICATE_METHOD_MATCH = YES;
				"CODE_SIGN_IDENTITY[sdk=iphoneos*]" = "iPhone Developer";
				COPY_PHASE_STRIP = NO;
				DEBUG_INFORMATION_FORMAT = "dwarf-with-dsym";
				ENABLE_NS_ASSERTIONS = NO;
				ENABLE_STRICT_OBJC_MSGSEND = YES;
				GCC_C_LANGUAGE_STANDARD = gnu99;
				GCC_NO_COMMON_BLOCKS = YES;
				GCC_WARN_64_TO_32_BIT_CONVERSION = YES;
				GCC_WARN_ABOUT_RETURN_TYPE = YES_ERROR;
				GCC_WARN_UNDECLARED_SELECTOR = YES;
				GCC_WARN_UNINITIALIZED_AUTOS = YES_AGGRESSIVE;
				GCC_WARN_UNUSED_FUNCTION = YES;
				GCC_WARN_UNUSED_VARIABLE = YES;
				IPHONEOS_DEPLOYMENT_TARGET = 10.0;
				MTL_ENABLE_DEBUG_INFO = NO;
				SDKROOT = iphoneos;
				VALIDATE_PRODUCT = YES;
			};
			name = Release;
		};
		DE5F25F31DAF3FC100F5B65D /* Debug */ = {
			isa = XCBuildConfiguration;
			buildSettings = {
				ASSETCATALOG_COMPILER_APPICON_NAME = AppIcon;
				DEVELOPMENT_TEAM = QDH66RGJXX;
				INFOPLIST_FILE = fileManage/Info.plist;
				LD_RUNPATH_SEARCH_PATHS = "$(inherited) @executable_path/Frameworks";
				PRODUCT_BUNDLE_IDENTIFIER = hhly.fileManage;
				PRODUCT_NAME = "$(TARGET_NAME)";
				PROVISIONING_PROFILE = "bd89f8b2-1a48-40d2-b734-26b57f5edea6";
				PROVISIONING_PROFILE_SPECIFIER = "ALL development 0921";
			};
			name = Debug;
		};
		DE5F25F41DAF3FC100F5B65D /* Release */ = {
			isa = XCBuildConfiguration;
			buildSettings = {
				ASSETCATALOG_COMPILER_APPICON_NAME = AppIcon;
				DEVELOPMENT_TEAM = "";
				INFOPLIST_FILE = fileManage/Info.plist;
				LD_RUNPATH_SEARCH_PATHS = "$(inherited) @executable_path/Frameworks";
				PRODUCT_BUNDLE_IDENTIFIER = hhly.fileManage;
				PRODUCT_NAME = "$(TARGET_NAME)";
			};
			name = Release;
		};
		DE5F25F61DAF3FC100F5B65D /* Debug */ = {
			isa = XCBuildConfiguration;
			buildSettings = {
				BUNDLE_LOADER = "$(TEST_HOST)";
				DEVELOPMENT_TEAM = QDH66RGJXX;
				INFOPLIST_FILE = fileManageTests/Info.plist;
				LD_RUNPATH_SEARCH_PATHS = "$(inherited) @executable_path/Frameworks @loader_path/Frameworks";
				PRODUCT_BUNDLE_IDENTIFIER = hhly.fileManageTests;
				PRODUCT_NAME = "$(TARGET_NAME)";
				TEST_HOST = "$(BUILT_PRODUCTS_DIR)/fileManage.app/fileManage";
			};
			name = Debug;
		};
		DE5F25F71DAF3FC100F5B65D /* Release */ = {
			isa = XCBuildConfiguration;
			buildSettings = {
				BUNDLE_LOADER = "$(TEST_HOST)";
				DEVELOPMENT_TEAM = QDH66RGJXX;
				INFOPLIST_FILE = fileManageTests/Info.plist;
				LD_RUNPATH_SEARCH_PATHS = "$(inherited) @executable_path/Frameworks @loader_path/Frameworks";
				PRODUCT_BUNDLE_IDENTIFIER = hhly.fileManageTests;
				PRODUCT_NAME = "$(TARGET_NAME)";
				TEST_HOST = "$(BUILT_PRODUCTS_DIR)/fileManage.app/fileManage";
			};
			name = Release;
		};
		DE5F25F91DAF3FC100F5B65D /* Debug */ = {
			isa = XCBuildConfiguration;
			buildSettings = {
				DEVELOPMENT_TEAM = QDH66RGJXX;
				INFOPLIST_FILE = fileManageUITests/Info.plist;
				LD_RUNPATH_SEARCH_PATHS = "$(inherited) @executable_path/Frameworks @loader_path/Frameworks";
				PRODUCT_BUNDLE_IDENTIFIER = hhly.fileManageUITests;
				PRODUCT_NAME = "$(TARGET_NAME)";
				TEST_TARGET_NAME = fileManage;
			};
			name = Debug;
		};
		DE5F25FA1DAF3FC100F5B65D /* Release */ = {
			isa = XCBuildConfiguration;
			buildSettings = {
				DEVELOPMENT_TEAM = QDH66RGJXX;
				INFOPLIST_FILE = fileManageUITests/Info.plist;
				LD_RUNPATH_SEARCH_PATHS = "$(inherited) @executable_path/Frameworks @loader_path/Frameworks";
				PRODUCT_BUNDLE_IDENTIFIER = hhly.fileManageUITests;
				PRODUCT_NAME = "$(TARGET_NAME)";
				TEST_TARGET_NAME = fileManage;
			};
			name = Release;
		};
/* End XCBuildConfiguration section */

/* Begin XCConfigurationList section */
		DE5F25C01DAF3FC100F5B65D /* Build configuration list for PBXProject "fileManage" */ = {
			isa = XCConfigurationList;
			buildConfigurations = (
				DE5F25F01DAF3FC100F5B65D /* Debug */,
				DE5F25F11DAF3FC100F5B65D /* Release */,
			);
			defaultConfigurationIsVisible = 0;
			defaultConfigurationName = Release;
		};
		DE5F25F21DAF3FC100F5B65D /* Build configuration list for PBXNativeTarget "fileManage" */ = {
			isa = XCConfigurationList;
			buildConfigurations = (
				DE5F25F31DAF3FC100F5B65D /* Debug */,
				DE5F25F41DAF3FC100F5B65D /* Release */,
			);
			defaultConfigurationIsVisible = 0;
			defaultConfigurationName = Release;
		};
		DE5F25F51DAF3FC100F5B65D /* Build configuration list for PBXNativeTarget "fileManageTests" */ = {
			isa = XCConfigurationList;
			buildConfigurations = (
				DE5F25F61DAF3FC100F5B65D /* Debug */,
				DE5F25F71DAF3FC100F5B65D /* Release */,
			);
			defaultConfigurationIsVisible = 0;
			defaultConfigurationName = Release;
		};
		DE5F25F81DAF3FC100F5B65D /* Build configuration list for PBXNativeTarget "fileManageUITests" */ = {
			isa = XCConfigurationList;
			buildConfigurations = (
				DE5F25F91DAF3FC100F5B65D /* Debug */,
				DE5F25FA1DAF3FC100F5B65D /* Release */,
			);
			defaultConfigurationIsVisible = 0;
			defaultConfigurationName = Release;
		};
/* End XCConfigurationList section */
	};
	rootObject = DE5F25BD1DAF3FC100F5B65D /* Project object */;
}
